
Microsoft Visual Studio Solution File, Format Version 12.00
# Visual Studio Version 16
VisualStudioVersion = 16.0.29709.97
MinimumVisualStudioVersion = 10.0.40219.1
Project("{8BC9CEB8-8B4A-11D0-8D11-00A0C91BC942}") = "CableCompany", "CableCompany\CableCompany.vcxproj", "{CD699B34-2CD7-4855-AD91-7F83F7DD892A}"
EndProject
Global
	GlobalSection(SolutionConfigurationPlatforms) = preSolution
		Debug|x64 = Debug|x64
		Debug|x86 = Debug|x86
		Release|x64 = Release|x64
		Release|x86 = Release|x86
	EndGlobalSection
	GlobalSection(ProjectConfigurationPlatforms) = postSolution
		{CD699B34-2CD7-4855-AD91-7F83F7DD892A}.Debug|x64.ActiveCfg = Debug|x64
		{CD699B34-2CD7-4855-AD91-7F83F7DD892A}.Debug|x64.Build.0 = Debug|x64
		{CD699B34-2CD7-4855-AD91-7F83F7DD892A}.Debug|x86.ActiveCfg = Debug|Win32
		{CD699B34-2CD7-4855-AD91-7F83F7DD892A}.Debug|x86.Build.0 = Debug|Win32
		{CD699B34-2CD7-4855-AD91-7F83F7DD892A}.Release|x64.ActiveCfg = Release|x64
		{CD699B34-2CD7-4855-AD91-7F83F7DD892A}.Release|x64.Build.0 = Release|x64
		{CD699B34-2CD7-4855-AD91-7F83F7DD892A}.Release|x86.ActiveCfg = Release|Win32
		{CD699B34-2CD7-4855-AD91-7F83F7DD892A}.Release|x86.Build.0 = Release|Win32
	EndGlobalSection
	GlobalSection(SolutionProperties) = preSolution
		HideSolutionNode = FALSE
	EndGlobalSection
	GlobalSection(ExtensibilityGlobals) = postSolution
		SolutionGuid = {F0833B6E-EA55-4BF9-942D-B76E4515C8BE}
	EndGlobalSection
EndGlobal
